
Microsoft Visual Studio Solution File, Format Version 12.00
# Visual Studio Version 17
VisualStudioVersion = 17.9.34728.123
MinimumVisualStudioVersion = 10.0.40219.1
Project("{9A19103F-16F7-4668-BE54-9A1E7A4F7556}") = "Encryter", "Encryter\Encryter.csproj", "{6C00CB90-EDD3-4D25-8B26-8947744D1199}"
EndProject
Project("{9A19103F-16F7-4668-BE54-9A1E7A4F7556}") = "TaskManager", "TaskManager\TaskManager.csproj", "{ACDF61E8-D6FA-4AEF-82BE-0B3D27FC595A}"
EndProject
Global
	GlobalSection(SolutionConfigurationPlatforms) = preSolution
		Debug|Any CPU = Debug|Any CPU
		Release|Any CPU = Release|Any CPU
	EndGlobalSection
	GlobalSection(ProjectConfigurationPlatforms) = postSolution
		{6C00CB90-EDD3-4D25-8B26-8947744D1199}.Debug|Any CPU.ActiveCfg = Debug|Any CPU
		{6C00CB90-EDD3-4D25-8B26-8947744D1199}.Debug|Any CPU.Build.0 = Debug|Any CPU
		{6C00CB90-EDD3-4D25-8B26-8947744D1199}.Release|Any CPU.ActiveCfg = Release|Any CPU
		{6C00CB90-EDD3-4D25-8B26-8947744D1199}.Release|Any CPU.Build.0 = Release|Any CPU
		{ACDF61E8-D6FA-4AEF-82BE-0B3D27FC595A}.Debug|Any CPU.ActiveCfg = Debug|Any CPU
		{ACDF61E8-D6FA-4AEF-82BE-0B3D27FC595A}.Debug|Any CPU.Build.0 = Debug|Any CPU
		{ACDF61E8-D6FA-4AEF-82BE-0B3D27FC595A}.Release|Any CPU.ActiveCfg = Release|Any CPU
		{ACDF61E8-D6FA-4AEF-82BE-0B3D27FC595A}.Release|Any CPU.Build.0 = Release|Any CPU
	EndGlobalSection
	GlobalSection(SolutionProperties) = preSolution
		HideSolutionNode = FALSE
	EndGlobalSection
	GlobalSection(ExtensibilityGlobals) = postSolution
		SolutionGuid = {339A2718-ADD4-4251-968A-5B611FB1C777}
	EndGlobalSection
EndGlobal
